
Microsoft Visual Studio Solution File, Format Version 12.00
# Visual Studio Version 17
VisualStudioVersion = 17.0.32112.339
MinimumVisualStudioVersion = 10.0.40219.1
Project("{2150E333-8FDC-42A3-9474-1A3956D46DE8}") = "Services", "Services", "{BCB7EA82-8239-46E1-B4C8-8549ECAF6833}"
EndProject
Project("{2150E333-8FDC-42A3-9474-1A3956D46DE8}") = "Catalog", "Catalog", "{8EC3A63E-C36F-4A59-8961-66C7D9E2D797}"
EndProject
Project("{9A19103F-16F7-4668-BE54-9A1E7A4F7556}") = "Catalog.Api", "Services\Catalog\Catalog.api\Catalog.Api.csproj", "{7C6046E4-F998-4644-BB57-1EB2C1CAF2D7}"
EndProject
Project("{E53339B2-1760-4266-BCC7-CA923CBCF16C}") = "docker-compose", "docker-compose.dcproj", "{858B99F0-C022-460A-A934-8AD1AFA3F94A}"
EndProject
Project("{2150E333-8FDC-42A3-9474-1A3956D46DE8}") = "Basket", "Basket", "{FCBC116E-6C0B-4221-96EC-07436F74CEB3}"
EndProject
Project("{9A19103F-16F7-4668-BE54-9A1E7A4F7556}") = "Basket.API", "Services\Basket\Basket.API\Basket.API.csproj", "{B98B588C-2EAB-4BF4-9C89-5832ECE5FDE4}"
EndProject
Project("{2150E333-8FDC-42A3-9474-1A3956D46DE8}") = "Discount", "Discount", "{EF986F18-2776-42BF-B5C1-DFCAC19C605B}"
EndProject
Project("{9A19103F-16F7-4668-BE54-9A1E7A4F7556}") = "Discount.Api", "Services\Discount\Discount.Api\Discount.Api.csproj", "{B6477539-095A-48D4-956D-21B48CCAFDC9}"
EndProject
Project("{9A19103F-16F7-4668-BE54-9A1E7A4F7556}") = "Discount.Grpc", "..\Discount.Grpc\Discount.Grpc.csproj", "{B1D73710-229B-4CFD-8EF4-5AEBB087B037}"
EndProject
Global
	GlobalSection(SolutionConfigurationPlatforms) = preSolution
		Debug|Any CPU = Debug|Any CPU
		Release|Any CPU = Release|Any CPU
	EndGlobalSection
	GlobalSection(ProjectConfigurationPlatforms) = postSolution
		{7C6046E4-F998-4644-BB57-1EB2C1CAF2D7}.Debug|Any CPU.ActiveCfg = Debug|Any CPU
		{7C6046E4-F998-4644-BB57-1EB2C1CAF2D7}.Debug|Any CPU.Build.0 = Debug|Any CPU
		{7C6046E4-F998-4644-BB57-1EB2C1CAF2D7}.Release|Any CPU.ActiveCfg = Release|Any CPU
		{7C6046E4-F998-4644-BB57-1EB2C1CAF2D7}.Release|Any CPU.Build.0 = Release|Any CPU
		{858B99F0-C022-460A-A934-8AD1AFA3F94A}.Debug|Any CPU.ActiveCfg = Debug|Any CPU
		{858B99F0-C022-460A-A934-8AD1AFA3F94A}.Debug|Any CPU.Build.0 = Debug|Any CPU
		{858B99F0-C022-460A-A934-8AD1AFA3F94A}.Release|Any CPU.ActiveCfg = Release|Any CPU
		{858B99F0-C022-460A-A934-8AD1AFA3F94A}.Release|Any CPU.Build.0 = Release|Any CPU
		{B98B588C-2EAB-4BF4-9C89-5832ECE5FDE4}.Debug|Any CPU.ActiveCfg = Debug|Any CPU
		{B98B588C-2EAB-4BF4-9C89-5832ECE5FDE4}.Debug|Any CPU.Build.0 = Debug|Any CPU
		{B98B588C-2EAB-4BF4-9C89-5832ECE5FDE4}.Release|Any CPU.ActiveCfg = Release|Any CPU
		{B98B588C-2EAB-4BF4-9C89-5832ECE5FDE4}.Release|Any CPU.Build.0 = Release|Any CPU
		{B6477539-095A-48D4-956D-21B48CCAFDC9}.Debug|Any CPU.ActiveCfg = Debug|Any CPU
		{B6477539-095A-48D4-956D-21B48CCAFDC9}.Debug|Any CPU.Build.0 = Debug|Any CPU
		{B6477539-095A-48D4-956D-21B48CCAFDC9}.Release|Any CPU.ActiveCfg = Release|Any CPU
		{B6477539-095A-48D4-956D-21B48CCAFDC9}.Release|Any CPU.Build.0 = Release|Any CPU
		{B1D73710-229B-4CFD-8EF4-5AEBB087B037}.Debug|Any CPU.ActiveCfg = Debug|Any CPU
		{B1D73710-229B-4CFD-8EF4-5AEBB087B037}.Debug|Any CPU.Build.0 = Debug|Any CPU
		{B1D73710-229B-4CFD-8EF4-5AEBB087B037}.Release|Any CPU.ActiveCfg = Release|Any CPU
		{B1D73710-229B-4CFD-8EF4-5AEBB087B037}.Release|Any CPU.Build.0 = Release|Any CPU
	EndGlobalSection
	GlobalSection(SolutionProperties) = preSolution
		HideSolutionNode = FALSE
	EndGlobalSection
	GlobalSection(NestedProjects) = preSolution
		{8EC3A63E-C36F-4A59-8961-66C7D9E2D797} = {BCB7EA82-8239-46E1-B4C8-8549ECAF6833}
		{7C6046E4-F998-4644-BB57-1EB2C1CAF2D7} = {8EC3A63E-C36F-4A59-8961-66C7D9E2D797}
		{FCBC116E-6C0B-4221-96EC-07436F74CEB3} = {BCB7EA82-8239-46E1-B4C8-8549ECAF6833}
		{B98B588C-2EAB-4BF4-9C89-5832ECE5FDE4} = {FCBC116E-6C0B-4221-96EC-07436F74CEB3}
		{EF986F18-2776-42BF-B5C1-DFCAC19C605B} = {BCB7EA82-8239-46E1-B4C8-8549ECAF6833}
		{B6477539-095A-48D4-956D-21B48CCAFDC9} = {EF986F18-2776-42BF-B5C1-DFCAC19C605B}
		{B1D73710-229B-4CFD-8EF4-5AEBB087B037} = {EF986F18-2776-42BF-B5C1-DFCAC19C605B}
	EndGlobalSection
	GlobalSection(ExtensibilityGlobals) = postSolution
		SolutionGuid = {FD24D182-028C-4914-8B64-D31A2A5A9590}
	EndGlobalSection
EndGlobal
